
Microsoft Visual Studio Solution File, Format Version 12.00
# Visual Studio Version 16
VisualStudioVersion = 16.0.31424.327
MinimumVisualStudioVersion = 10.0.40219.1
Project("{FAE04EC0-301F-11D3-BF4B-00C04F79EFBC}") = "HforceWindows", "HforceWindows\HforceWindows.csproj", "{D67829C9-38AD-4467-9C09-497555D57DE1}"
EndProject
Project("{FAE04EC0-301F-11D3-BF4B-00C04F79EFBC}") = "HforceNegocio", "HforceNegocio\HforceNegocio.csproj", "{B7950BFE-B53C-4E43-9482-5FB5CFF1A8F5}"
EndProject
Global
	GlobalSection(SolutionConfigurationPlatforms) = preSolution
		Debug|Any CPU = Debug|Any CPU
		Release|Any CPU = Release|Any CPU
	EndGlobalSection
	GlobalSection(ProjectConfigurationPlatforms) = postSolution
		{D67829C9-38AD-4467-9C09-497555D57DE1}.Debug|Any CPU.ActiveCfg = Debug|Any CPU
		{D67829C9-38AD-4467-9C09-497555D57DE1}.Debug|Any CPU.Build.0 = Debug|Any CPU
		{D67829C9-38AD-4467-9C09-497555D57DE1}.Release|Any CPU.ActiveCfg = Release|Any CPU
		{D67829C9-38AD-4467-9C09-497555D57DE1}.Release|Any CPU.Build.0 = Release|Any CPU
		{B7950BFE-B53C-4E43-9482-5FB5CFF1A8F5}.Debug|Any CPU.ActiveCfg = Debug|Any CPU
		{B7950BFE-B53C-4E43-9482-5FB5CFF1A8F5}.Debug|Any CPU.Build.0 = Debug|Any CPU
		{B7950BFE-B53C-4E43-9482-5FB5CFF1A8F5}.Release|Any CPU.ActiveCfg = Release|Any CPU
		{B7950BFE-B53C-4E43-9482-5FB5CFF1A8F5}.Release|Any CPU.Build.0 = Release|Any CPU
	EndGlobalSection
	GlobalSection(SolutionProperties) = preSolution
		HideSolutionNode = FALSE
	EndGlobalSection
	GlobalSection(ExtensibilityGlobals) = postSolution
		SolutionGuid = {DBCEB6A7-5D01-47A2-8C8D-8E81D8CB8C60}
	EndGlobalSection
EndGlobal
