
Microsoft Visual Studio Solution File, Format Version 12.00
# Visual Studio Version 16
VisualStudioVersion = 16.0.31424.327
MinimumVisualStudioVersion = 10.0.40219.1
Project("{FAE04EC0-301F-11D3-BF4B-00C04F79EFBC}") = "HforceWindows", "HforceWindows\HforceWindows.csproj", "{D67829C9-38AD-4467-9C09-497555D57DE1}"
EndProject
Project("{FAE04EC0-301F-11D3-BF4B-00C04F79EFBC}") = "HforceNegocio", "HforceNegocio\HforceNegocio.csproj", "{B7950BFE-B53C-4E43-9482-5FB5CFF1A8F5}"
EndProject
Project("{FAE04EC0-301F-11D3-BF4B-00C04F79EFBC}") = "HforceMovil.Android", "HforceMovil\HforceMovil.Android\HforceMovil.Android.csproj", "{1D8149B4-50AD-4CAE-A1A7-14692B60FAE5}"
EndProject
Project("{FAE04EC0-301F-11D3-BF4B-00C04F79EFBC}") = "HforceMovil", "HforceMovil\HforceMovil\HforceMovil.csproj", "{AECFB6EE-5BD1-4FC7-BFD0-0C99BE092167}"
EndProject
Global
	GlobalSection(SolutionConfigurationPlatforms) = preSolution
		Debug|Any CPU = Debug|Any CPU
		Release|Any CPU = Release|Any CPU
	EndGlobalSection
	GlobalSection(ProjectConfigurationPlatforms) = postSolution
		{D67829C9-38AD-4467-9C09-497555D57DE1}.Debug|Any CPU.ActiveCfg = Debug|Any CPU
		{D67829C9-38AD-4467-9C09-497555D57DE1}.Debug|Any CPU.Build.0 = Debug|Any CPU
		{D67829C9-38AD-4467-9C09-497555D57DE1}.Release|Any CPU.ActiveCfg = Release|Any CPU
		{D67829C9-38AD-4467-9C09-497555D57DE1}.Release|Any CPU.Build.0 = Release|Any CPU
		{B7950BFE-B53C-4E43-9482-5FB5CFF1A8F5}.Debug|Any CPU.ActiveCfg = Debug|Any CPU
		{B7950BFE-B53C-4E43-9482-5FB5CFF1A8F5}.Debug|Any CPU.Build.0 = Debug|Any CPU
		{B7950BFE-B53C-4E43-9482-5FB5CFF1A8F5}.Release|Any CPU.ActiveCfg = Release|Any CPU
		{B7950BFE-B53C-4E43-9482-5FB5CFF1A8F5}.Release|Any CPU.Build.0 = Release|Any CPU
		{1D8149B4-50AD-4CAE-A1A7-14692B60FAE5}.Debug|Any CPU.ActiveCfg = Debug|Any CPU
		{1D8149B4-50AD-4CAE-A1A7-14692B60FAE5}.Debug|Any CPU.Build.0 = Debug|Any CPU
		{1D8149B4-50AD-4CAE-A1A7-14692B60FAE5}.Debug|Any CPU.Deploy.0 = Debug|Any CPU
		{1D8149B4-50AD-4CAE-A1A7-14692B60FAE5}.Release|Any CPU.ActiveCfg = Release|Any CPU
		{1D8149B4-50AD-4CAE-A1A7-14692B60FAE5}.Release|Any CPU.Build.0 = Release|Any CPU
		{1D8149B4-50AD-4CAE-A1A7-14692B60FAE5}.Release|Any CPU.Deploy.0 = Release|Any CPU
		{AECFB6EE-5BD1-4FC7-BFD0-0C99BE092167}.Debug|Any CPU.ActiveCfg = Debug|Any CPU
		{AECFB6EE-5BD1-4FC7-BFD0-0C99BE092167}.Debug|Any CPU.Build.0 = Debug|Any CPU
		{AECFB6EE-5BD1-4FC7-BFD0-0C99BE092167}.Release|Any CPU.ActiveCfg = Release|Any CPU
		{AECFB6EE-5BD1-4FC7-BFD0-0C99BE092167}.Release|Any CPU.Build.0 = Release|Any CPU
	EndGlobalSection
	GlobalSection(SolutionProperties) = preSolution
		HideSolutionNode = FALSE
	EndGlobalSection
	GlobalSection(ExtensibilityGlobals) = postSolution
		SolutionGuid = {DBCEB6A7-5D01-47A2-8C8D-8E81D8CB8C60}
	EndGlobalSection
EndGlobal
